
Microsoft Visual Studio Solution File, Format Version 12.00
# Visual Studio Version 16
VisualStudioVersion = 16.0.29920.165
MinimumVisualStudioVersion = 10.0.40219.1
Project("{6EC3EE1D-3C4E-46DD-8F32-0CC8E7565705}") = "CurryOn.Common", "CurryOn.Common\CurryOn.Common.fsproj", "{78BD83FA-CF85-4504-A34A-05F963EDCB3B}"
EndProject
Project("{6EC3EE1D-3C4E-46DD-8F32-0CC8E7565705}") = "CurryOn.DependencyInjection", "CurryOn.DependencyInjection\CurryOn.DependencyInjection.fsproj", "{3AAE05B6-B0E9-43A2-BF0B-1422805489EF}"
EndProject
Project("{6EC3EE1D-3C4E-46DD-8F32-0CC8E7565705}") = "CurryOn.Domain", "CurryOn.Domain\CurryOn.Domain.fsproj", "{07B98C6F-3572-4501-A7B1-6310DAB8F49B}"
EndProject
Project("{6EC3EE1D-3C4E-46DD-8F32-0CC8E7565705}") = "CurryOn.Logging", "CurryOn.Logging\CurryOn.Logging.fsproj", "{1D01B18E-47B7-4FBB-9FB4-A10C1B4042C7}"
EndProject
Project("{6EC3EE1D-3C4E-46DD-8F32-0CC8E7565705}") = "CurryOn.Mapping", "CurryOn.Mapping\CurryOn.Mapping.fsproj", "{9A0DDAB4-93C3-48C7-86A0-3D32A7D148AE}"
EndProject
Project("{6EC3EE1D-3C4E-46DD-8F32-0CC8E7565705}") = "CurryOn.Serialization", "CurryOn.Serialization\CurryOn.Serialization.fsproj", "{67FB0917-CBB4-4572-8385-79855FA22B86}"
EndProject
Project("{6EC3EE1D-3C4E-46DD-8F32-0CC8E7565705}") = "CurryOn.Validation", "CurryOn.Validation\CurryOn.Validation.fsproj", "{0CD6963E-385D-442B-A85A-59584A8AFA2D}"
EndProject
Project("{6EC3EE1D-3C4E-46DD-8F32-0CC8E7565705}") = "CurryOn.EventBus", "CurryOn.EventBus\CurryOn.EventBus.fsproj", "{BB687B0A-B791-43BE-A41A-3FBDB4D78C1F}"
EndProject
Project("{6EC3EE1D-3C4E-46DD-8F32-0CC8E7565705}") = "CurryOn.EventBus.RabbitMq", "CurryOn.EventBus.RabbitMq\CurryOn.EventBus.RabbitMq.fsproj", "{996346C0-EBA9-4B00-871F-91A26516CDCD}"
EndProject
Project("{6EC3EE1D-3C4E-46DD-8F32-0CC8E7565705}") = "CurryOn.Tracing", "CurryOn.Tracing\CurryOn.Tracing.fsproj", "{CD7F58C1-41EA-4E6C-92B5-29547B986D76}"
EndProject
Project("{6EC3EE1D-3C4E-46DD-8F32-0CC8E7565705}") = "CurryOn.Tracing.Jaeger", "CurryOn.Tracing.Jaeger\CurryOn.Tracing.Jaeger.fsproj", "{D53F1A1E-7067-422F-A642-FF237E99962F}"
EndProject
Project("{6EC3EE1D-3C4E-46DD-8F32-0CC8E7565705}") = "CurryOn.Agent", "CurryOn.Agent\CurryOn.Agent.fsproj", "{C3CFBEA2-013B-4DC1-9C59-A4AA8894B8E9}"
EndProject
Project("{6EC3EE1D-3C4E-46DD-8F32-0CC8E7565705}") = "CurryOn.Authorization", "CurryOn.Authorization\CurryOn.Authorization.fsproj", "{45515D04-500C-4D3C-98FF-BD4BDBEB1465}"
EndProject
Project("{6EC3EE1D-3C4E-46DD-8F32-0CC8E7565705}") = "CurryOn.Cryptography", "CurryOn.Cryptography\CurryOn.Cryptography.fsproj", "{A30A4A5E-4CAC-4B45-8D3A-06B075C56399}"
EndProject
Project("{6EC3EE1D-3C4E-46DD-8F32-0CC8E7565705}") = "CurryOn.IO", "CurryOn.IO\CurryOn.IO.fsproj", "{EE6C0765-05DC-41E7-A30B-0A8924A0AF0A}"
EndProject
Project("{6EC3EE1D-3C4E-46DD-8F32-0CC8E7565705}") = "CurryOn.Xml", "CurryOn.Xml\CurryOn.Xml.fsproj", "{38F86D7E-431E-4A88-A25C-AAAB50F18E63}"
EndProject
Project("{6EC3EE1D-3C4E-46DD-8F32-0CC8E7565705}") = "CurryOn.UnitTest", "CurryOn.UnitTest\CurryOn.UnitTest.fsproj", "{8CC7CEBF-C700-4062-916C-FA8F561C8C7B}"
EndProject
Project("{6EC3EE1D-3C4E-46DD-8F32-0CC8E7565705}") = "CurryOn.Awaitable", "CurryOn.Awaitable\CurryOn.Awaitable.fsproj", "{7D964CA2-0A17-4714-A7F5-3B91FC1CB3AE}"
EndProject
Project("{6EC3EE1D-3C4E-46DD-8F32-0CC8E7565705}") = "CurryOn.Railway", "CurryOn.Railway\CurryOn.Railway\CurryOn.Railway.fsproj", "{AF4B2CD9-9F17-433B-8DDF-C17C1E6B2C77}"
EndProject
Global
	GlobalSection(SolutionConfigurationPlatforms) = preSolution
		Debug|Any CPU = Debug|Any CPU
		Release|Any CPU = Release|Any CPU
	EndGlobalSection
	GlobalSection(ProjectConfigurationPlatforms) = postSolution
		{78BD83FA-CF85-4504-A34A-05F963EDCB3B}.Debug|Any CPU.ActiveCfg = Debug|Any CPU
		{78BD83FA-CF85-4504-A34A-05F963EDCB3B}.Debug|Any CPU.Build.0 = Debug|Any CPU
		{78BD83FA-CF85-4504-A34A-05F963EDCB3B}.Release|Any CPU.ActiveCfg = Release|Any CPU
		{78BD83FA-CF85-4504-A34A-05F963EDCB3B}.Release|Any CPU.Build.0 = Release|Any CPU
		{3AAE05B6-B0E9-43A2-BF0B-1422805489EF}.Debug|Any CPU.ActiveCfg = Debug|Any CPU
		{3AAE05B6-B0E9-43A2-BF0B-1422805489EF}.Debug|Any CPU.Build.0 = Debug|Any CPU
		{3AAE05B6-B0E9-43A2-BF0B-1422805489EF}.Release|Any CPU.ActiveCfg = Release|Any CPU
		{3AAE05B6-B0E9-43A2-BF0B-1422805489EF}.Release|Any CPU.Build.0 = Release|Any CPU
		{07B98C6F-3572-4501-A7B1-6310DAB8F49B}.Debug|Any CPU.ActiveCfg = Debug|Any CPU
		{07B98C6F-3572-4501-A7B1-6310DAB8F49B}.Debug|Any CPU.Build.0 = Debug|Any CPU
		{07B98C6F-3572-4501-A7B1-6310DAB8F49B}.Release|Any CPU.ActiveCfg = Release|Any CPU
		{07B98C6F-3572-4501-A7B1-6310DAB8F49B}.Release|Any CPU.Build.0 = Release|Any CPU
		{1D01B18E-47B7-4FBB-9FB4-A10C1B4042C7}.Debug|Any CPU.ActiveCfg = Debug|Any CPU
		{1D01B18E-47B7-4FBB-9FB4-A10C1B4042C7}.Debug|Any CPU.Build.0 = Debug|Any CPU
		{1D01B18E-47B7-4FBB-9FB4-A10C1B4042C7}.Release|Any CPU.ActiveCfg = Release|Any CPU
		{1D01B18E-47B7-4FBB-9FB4-A10C1B4042C7}.Release|Any CPU.Build.0 = Release|Any CPU
		{9A0DDAB4-93C3-48C7-86A0-3D32A7D148AE}.Debug|Any CPU.ActiveCfg = Debug|Any CPU
		{9A0DDAB4-93C3-48C7-86A0-3D32A7D148AE}.Debug|Any CPU.Build.0 = Debug|Any CPU
		{9A0DDAB4-93C3-48C7-86A0-3D32A7D148AE}.Release|Any CPU.ActiveCfg = Release|Any CPU
		{9A0DDAB4-93C3-48C7-86A0-3D32A7D148AE}.Release|Any CPU.Build.0 = Release|Any CPU
		{67FB0917-CBB4-4572-8385-79855FA22B86}.Debug|Any CPU.ActiveCfg = Debug|Any CPU
		{67FB0917-CBB4-4572-8385-79855FA22B86}.Debug|Any CPU.Build.0 = Debug|Any CPU
		{67FB0917-CBB4-4572-8385-79855FA22B86}.Release|Any CPU.ActiveCfg = Release|Any CPU
		{67FB0917-CBB4-4572-8385-79855FA22B86}.Release|Any CPU.Build.0 = Release|Any CPU
		{0CD6963E-385D-442B-A85A-59584A8AFA2D}.Debug|Any CPU.ActiveCfg = Debug|Any CPU
		{0CD6963E-385D-442B-A85A-59584A8AFA2D}.Debug|Any CPU.Build.0 = Debug|Any CPU
		{0CD6963E-385D-442B-A85A-59584A8AFA2D}.Release|Any CPU.ActiveCfg = Release|Any CPU
		{0CD6963E-385D-442B-A85A-59584A8AFA2D}.Release|Any CPU.Build.0 = Release|Any CPU
		{BB687B0A-B791-43BE-A41A-3FBDB4D78C1F}.Debug|Any CPU.ActiveCfg = Debug|Any CPU
		{BB687B0A-B791-43BE-A41A-3FBDB4D78C1F}.Debug|Any CPU.Build.0 = Debug|Any CPU
		{BB687B0A-B791-43BE-A41A-3FBDB4D78C1F}.Release|Any CPU.ActiveCfg = Release|Any CPU
		{BB687B0A-B791-43BE-A41A-3FBDB4D78C1F}.Release|Any CPU.Build.0 = Release|Any CPU
		{996346C0-EBA9-4B00-871F-91A26516CDCD}.Debug|Any CPU.ActiveCfg = Debug|Any CPU
		{996346C0-EBA9-4B00-871F-91A26516CDCD}.Debug|Any CPU.Build.0 = Debug|Any CPU
		{996346C0-EBA9-4B00-871F-91A26516CDCD}.Release|Any CPU.ActiveCfg = Release|Any CPU
		{996346C0-EBA9-4B00-871F-91A26516CDCD}.Release|Any CPU.Build.0 = Release|Any CPU
		{CD7F58C1-41EA-4E6C-92B5-29547B986D76}.Debug|Any CPU.ActiveCfg = Debug|Any CPU
		{CD7F58C1-41EA-4E6C-92B5-29547B986D76}.Debug|Any CPU.Build.0 = Debug|Any CPU
		{CD7F58C1-41EA-4E6C-92B5-29547B986D76}.Release|Any CPU.ActiveCfg = Release|Any CPU
		{CD7F58C1-41EA-4E6C-92B5-29547B986D76}.Release|Any CPU.Build.0 = Release|Any CPU
		{D53F1A1E-7067-422F-A642-FF237E99962F}.Debug|Any CPU.ActiveCfg = Debug|Any CPU
		{D53F1A1E-7067-422F-A642-FF237E99962F}.Debug|Any CPU.Build.0 = Debug|Any CPU
		{D53F1A1E-7067-422F-A642-FF237E99962F}.Release|Any CPU.ActiveCfg = Release|Any CPU
		{D53F1A1E-7067-422F-A642-FF237E99962F}.Release|Any CPU.Build.0 = Release|Any CPU
		{C3CFBEA2-013B-4DC1-9C59-A4AA8894B8E9}.Debug|Any CPU.ActiveCfg = Debug|Any CPU
		{C3CFBEA2-013B-4DC1-9C59-A4AA8894B8E9}.Debug|Any CPU.Build.0 = Debug|Any CPU
		{C3CFBEA2-013B-4DC1-9C59-A4AA8894B8E9}.Release|Any CPU.ActiveCfg = Release|Any CPU
		{C3CFBEA2-013B-4DC1-9C59-A4AA8894B8E9}.Release|Any CPU.Build.0 = Release|Any CPU
		{45515D04-500C-4D3C-98FF-BD4BDBEB1465}.Debug|Any CPU.ActiveCfg = Debug|Any CPU
		{45515D04-500C-4D3C-98FF-BD4BDBEB1465}.Debug|Any CPU.Build.0 = Debug|Any CPU
		{45515D04-500C-4D3C-98FF-BD4BDBEB1465}.Release|Any CPU.ActiveCfg = Release|Any CPU
		{45515D04-500C-4D3C-98FF-BD4BDBEB1465}.Release|Any CPU.Build.0 = Release|Any CPU
		{A30A4A5E-4CAC-4B45-8D3A-06B075C56399}.Debug|Any CPU.ActiveCfg = Debug|Any CPU
		{A30A4A5E-4CAC-4B45-8D3A-06B075C56399}.Debug|Any CPU.Build.0 = Debug|Any CPU
		{A30A4A5E-4CAC-4B45-8D3A-06B075C56399}.Release|Any CPU.ActiveCfg = Release|Any CPU
		{A30A4A5E-4CAC-4B45-8D3A-06B075C56399}.Release|Any CPU.Build.0 = Release|Any CPU
		{EE6C0765-05DC-41E7-A30B-0A8924A0AF0A}.Debug|Any CPU.ActiveCfg = Debug|Any CPU
		{EE6C0765-05DC-41E7-A30B-0A8924A0AF0A}.Debug|Any CPU.Build.0 = Debug|Any CPU
		{EE6C0765-05DC-41E7-A30B-0A8924A0AF0A}.Release|Any CPU.ActiveCfg = Release|Any CPU
		{EE6C0765-05DC-41E7-A30B-0A8924A0AF0A}.Release|Any CPU.Build.0 = Release|Any CPU
		{38F86D7E-431E-4A88-A25C-AAAB50F18E63}.Debug|Any CPU.ActiveCfg = Debug|Any CPU
		{38F86D7E-431E-4A88-A25C-AAAB50F18E63}.Debug|Any CPU.Build.0 = Debug|Any CPU
		{38F86D7E-431E-4A88-A25C-AAAB50F18E63}.Release|Any CPU.ActiveCfg = Release|Any CPU
		{38F86D7E-431E-4A88-A25C-AAAB50F18E63}.Release|Any CPU.Build.0 = Release|Any CPU
		{8CC7CEBF-C700-4062-916C-FA8F561C8C7B}.Debug|Any CPU.ActiveCfg = Debug|Any CPU
		{8CC7CEBF-C700-4062-916C-FA8F561C8C7B}.Debug|Any CPU.Build.0 = Debug|Any CPU
		{8CC7CEBF-C700-4062-916C-FA8F561C8C7B}.Release|Any CPU.ActiveCfg = Release|Any CPU
		{8CC7CEBF-C700-4062-916C-FA8F561C8C7B}.Release|Any CPU.Build.0 = Release|Any CPU
		{7D964CA2-0A17-4714-A7F5-3B91FC1CB3AE}.Debug|Any CPU.ActiveCfg = Debug|Any CPU
		{7D964CA2-0A17-4714-A7F5-3B91FC1CB3AE}.Debug|Any CPU.Build.0 = Debug|Any CPU
		{7D964CA2-0A17-4714-A7F5-3B91FC1CB3AE}.Release|Any CPU.ActiveCfg = Release|Any CPU
		{7D964CA2-0A17-4714-A7F5-3B91FC1CB3AE}.Release|Any CPU.Build.0 = Release|Any CPU
		{AF4B2CD9-9F17-433B-8DDF-C17C1E6B2C77}.Debug|Any CPU.ActiveCfg = Debug|Any CPU
		{AF4B2CD9-9F17-433B-8DDF-C17C1E6B2C77}.Debug|Any CPU.Build.0 = Debug|Any CPU
		{AF4B2CD9-9F17-433B-8DDF-C17C1E6B2C77}.Release|Any CPU.ActiveCfg = Release|Any CPU
		{AF4B2CD9-9F17-433B-8DDF-C17C1E6B2C77}.Release|Any CPU.Build.0 = Release|Any CPU
	EndGlobalSection
	GlobalSection(SolutionProperties) = preSolution
		HideSolutionNode = FALSE
	EndGlobalSection
	GlobalSection(ExtensibilityGlobals) = postSolution
		SolutionGuid = {CD723BA4-AA4E-4FA4-BE54-9A8BD71F77D0}
	EndGlobalSection
EndGlobal
